// !$*UTF8*$!
{
	archiveVersion = 1;
	classes = {
	};
	objectVersion = 56;
	objects = {

/* Begin PBXBuildFile section */
		5B3B536A2ACAA11800A81D21 /* NotificationsViewController.swift in Sources */ = {isa = PBXBuildFile; fileRef = 5B3B53692ACAA11800A81D21 /* NotificationsViewController.swift */; };
		5B3B536C2ACAA17100A81D21 /* MenuViewController.swift in Sources */ = {isa = PBXBuildFile; fileRef = 5B3B536B2ACAA17100A81D21 /* MenuViewController.swift */; };
		5B3B536E2ACDCC0800A81D21 /* CustomBallView.swift in Sources */ = {isa = PBXBuildFile; fileRef = 5B3B536D2ACDCC0800A81D21 /* CustomBallView.swift */; };
		5B956C792AC5BC74009CBE73 /* AppDelegate.swift in Sources */ = {isa = PBXBuildFile; fileRef = 5B956C782AC5BC74009CBE73 /* AppDelegate.swift */; };
		5B956C7B2AC5BC74009CBE73 /* SceneDelegate.swift in Sources */ = {isa = PBXBuildFile; fileRef = 5B956C7A2AC5BC74009CBE73 /* SceneDelegate.swift */; };
		5B956C7D2AC5BC74009CBE73 /* GameplayViewController.swift in Sources */ = {isa = PBXBuildFile; fileRef = 5B956C7C2AC5BC74009CBE73 /* GameplayViewController.swift */; };
		5B956C802AC5BC74009CBE73 /* Main.storyboard in Resources */ = {isa = PBXBuildFile; fileRef = 5B956C7E2AC5BC74009CBE73 /* Main.storyboard */; };
		5B956C822AC5BC76009CBE73 /* Assets.xcassets in Resources */ = {isa = PBXBuildFile; fileRef = 5B956C812AC5BC76009CBE73 /* Assets.xcassets */; };
		5B956C852AC5BC76009CBE73 /* LaunchScreen.storyboard in Resources */ = {isa = PBXBuildFile; fileRef = 5B956C832AC5BC76009CBE73 /* LaunchScreen.storyboard */; };
		5B956C8D2AC7072C009CBE73 /* Enemys.swift in Sources */ = {isa = PBXBuildFile; fileRef = 5B956C8C2AC7072C009CBE73 /* Enemys.swift */; };
/* End PBXBuildFile section */

/* Begin PBXFileReference section */
		5B3B53672AC8A21300A81D21 /* Inter-Regular.ttf */ = {isa = PBXFileReference; lastKnownFileType = file; path = "Inter-Regular.ttf"; sourceTree = "<group>"; };
		5B3B53682AC8A22300A81D21 /* Inter-Bold.ttf */ = {isa = PBXFileReference; lastKnownFileType = file; path = "Inter-Bold.ttf"; sourceTree = "<group>"; };
		5B3B53692ACAA11800A81D21 /* NotificationsViewController.swift */ = {isa = PBXFileReference; lastKnownFileType = sourcecode.swift; path = NotificationsViewController.swift; sourceTree = "<group>"; };
		5B3B536B2ACAA17100A81D21 /* MenuViewController.swift */ = {isa = PBXFileReference; lastKnownFileType = sourcecode.swift; path = MenuViewController.swift; sourceTree = "<group>"; };
		5B3B536D2ACDCC0800A81D21 /* CustomBallView.swift */ = {isa = PBXFileReference; lastKnownFileType = sourcecode.swift; path = CustomBallView.swift; sourceTree = "<group>"; };
		5B5AD8BF2AC81E7D00F5E7B8 /* Lifehack Basic Regular.ttf */ = {isa = PBXFileReference; lastKnownFileType = file; path = "Lifehack Basic Regular.ttf"; sourceTree = "<group>"; };
		5B5AD8C02AC8300600F5E7B8 /* Muller Regular.ttf */ = {isa = PBXFileReference; lastKnownFileType = file; path = "Muller Regular.ttf"; sourceTree = "<group>"; };
		5B956C752AC5BC74009CBE73 /* PLIdeCO.app */ = {isa = PBXFileReference; explicitFileType = wrapper.application; includeInIndex = 0; path = PLIdeCO.app; sourceTree = BUILT_PRODUCTS_DIR; };
		5B956C782AC5BC74009CBE73 /* AppDelegate.swift */ = {isa = PBXFileReference; lastKnownFileType = sourcecode.swift; path = AppDelegate.swift; sourceTree = "<group>"; };
		5B956C7A2AC5BC74009CBE73 /* SceneDelegate.swift */ = {isa = PBXFileReference; lastKnownFileType = sourcecode.swift; path = SceneDelegate.swift; sourceTree = "<group>"; };
		5B956C7C2AC5BC74009CBE73 /* GameplayViewController.swift */ = {isa = PBXFileReference; lastKnownFileType = sourcecode.swift; path = GameplayViewController.swift; sourceTree = "<group>"; };
		5B956C7F2AC5BC74009CBE73 /* Base */ = {isa = PBXFileReference; lastKnownFileType = file.storyboard; name = Base; path = Base.lproj/Main.storyboard; sourceTree = "<group>"; };
		5B956C812AC5BC76009CBE73 /* Assets.xcassets */ = {isa = PBXFileReference; lastKnownFileType = folder.assetcatalog; path = Assets.xcassets; sourceTree = "<group>"; };
		5B956C842AC5BC76009CBE73 /* Base */ = {isa = PBXFileReference; lastKnownFileType = file.storyboard; name = Base; path = Base.lproj/LaunchScreen.storyboard; sourceTree = "<group>"; };
		5B956C862AC5BC76009CBE73 /* Info.plist */ = {isa = PBXFileReference; lastKnownFileType = text.plist.xml; path = Info.plist; sourceTree = "<group>"; };
		5B956C8C2AC7072C009CBE73 /* Enemys.swift */ = {isa = PBXFileReference; lastKnownFileType = sourcecode.swift; path = Enemys.swift; sourceTree = "<group>"; };
/* End PBXFileReference section */

/* Begin PBXFrameworksBuildPhase section */
		5B956C722AC5BC74009CBE73 /* Frameworks */ = {
			isa = PBXFrameworksBuildPhase;
			buildActionMask = 2147483647;
			files = (
			);
			runOnlyForDeploymentPostprocessing = 0;
		};
/* End PBXFrameworksBuildPhase section */

/* Begin PBXGroup section */
		5B5AD8BA2AC816F800F5E7B8 /* Storyboards */ = {
			isa = PBXGroup;
			children = (
				5B956C7E2AC5BC74009CBE73 /* Main.storyboard */,
				5B956C832AC5BC76009CBE73 /* LaunchScreen.storyboard */,
			);
			path = Storyboards;
			sourceTree = "<group>";
		};
		5B5AD8BB2AC8172700F5E7B8 /* Viewcontrollers */ = {
			isa = PBXGroup;
			children = (
				5B956C7C2AC5BC74009CBE73 /* GameplayViewController.swift */,
				5B3B53692ACAA11800A81D21 /* NotificationsViewController.swift */,
				5B3B536B2ACAA17100A81D21 /* MenuViewController.swift */,
				5B3B536D2ACDCC0800A81D21 /* CustomBallView.swift */,
			);
			path = Viewcontrollers;
			sourceTree = "<group>";
		};
		5B5AD8BE2AC81E4800F5E7B8 /* Font */ = {
			isa = PBXGroup;
			children = (
				5B5AD8C02AC8300600F5E7B8 /* Muller Regular.ttf */,
				5B3B53672AC8A21300A81D21 /* Inter-Regular.ttf */,
				5B3B53682AC8A22300A81D21 /* Inter-Bold.ttf */,
				5B5AD8BF2AC81E7D00F5E7B8 /* Lifehack Basic Regular.ttf */,
			);
			path = Font;
			sourceTree = "<group>";
		};
		5B956C6C2AC5BC74009CBE73 = {
			isa = PBXGroup;
			children = (
				5B956C772AC5BC74009CBE73 /* PLIdeCO */,
				5B956C762AC5BC74009CBE73 /* Products */,
			);
			sourceTree = "<group>";
		};
		5B956C762AC5BC74009CBE73 /* Products */ = {
			isa = PBXGroup;
			children = (
				5B956C752AC5BC74009CBE73 /* PLIdeCO.app */,
			);
			name = Products;
			sourceTree = "<group>";
		};
		5B956C772AC5BC74009CBE73 /* PLIdeCO */ = {
			isa = PBXGroup;
			children = (
				5B5AD8BB2AC8172700F5E7B8 /* Viewcontrollers */,
				5B5AD8BA2AC816F800F5E7B8 /* Storyboards */,
				5B5AD8BE2AC81E4800F5E7B8 /* Font */,
				5B956C782AC5BC74009CBE73 /* AppDelegate.swift */,
				5B956C7A2AC5BC74009CBE73 /* SceneDelegate.swift */,
				5B956C8C2AC7072C009CBE73 /* Enemys.swift */,
				5B956C812AC5BC76009CBE73 /* Assets.xcassets */,
				5B956C862AC5BC76009CBE73 /* Info.plist */,
			);
			path = PLIdeCO;
			sourceTree = "<group>";
		};
/* End PBXGroup section */

/* Begin PBXNativeTarget section */
		5B956C742AC5BC74009CBE73 /* PLIdeCO */ = {
			isa = PBXNativeTarget;
			buildConfigurationList = 5B956C892AC5BC76009CBE73 /* Build configuration list for PBXNativeTarget "PLIdeCO" */;
			buildPhases = (
				5B956C712AC5BC74009CBE73 /* Sources */,
				5B956C722AC5BC74009CBE73 /* Frameworks */,
				5B956C732AC5BC74009CBE73 /* Resources */,
			);
			buildRules = (
			);
			dependencies = (
			);
			name = PLIdeCO;
			productName = PLIdeCO;
			productReference = 5B956C752AC5BC74009CBE73 /* PLIdeCO.app */;
			productType = "com.apple.product-type.application";
		};
/* End PBXNativeTarget section */

/* Begin PBXProject section */
		5B956C6D2AC5BC74009CBE73 /* Project object */ = {
			isa = PBXProject;
			attributes = {
				BuildIndependentTargetsInParallel = 1;
				LastSwiftUpdateCheck = 1500;
				LastUpgradeCheck = 1500;
				TargetAttributes = {
					5B956C742AC5BC74009CBE73 = {
						CreatedOnToolsVersion = 15.0;
					};
				};
			};
			buildConfigurationList = 5B956C702AC5BC74009CBE73 /* Build configuration list for PBXProject "PLIdeCO" */;
			compatibilityVersion = "Xcode 14.0";
			developmentRegion = en;
			hasScannedForEncodings = 0;
			knownRegions = (
				en,
				Base,
			);
			mainGroup = 5B956C6C2AC5BC74009CBE73;
			productRefGroup = 5B956C762AC5BC74009CBE73 /* Products */;
			projectDirPath = "";
			projectRoot = "";
			targets = (
				5B956C742AC5BC74009CBE73 /* PLIdeCO */,
			);
		};
/* End PBXProject section */

/* Begin PBXResourcesBuildPhase section */
		5B956C732AC5BC74009CBE73 /* Resources */ = {
			isa = PBXResourcesBuildPhase;
			buildActionMask = 2147483647;
			files = (
				5B956C852AC5BC76009CBE73 /* LaunchScreen.storyboard in Resources */,
				5B956C822AC5BC76009CBE73 /* Assets.xcassets in Resources */,
				5B956C802AC5BC74009CBE73 /* Main.storyboard in Resources */,
			);
			runOnlyForDeploymentPostprocessing = 0;
		};
/* End PBXResourcesBuildPhase section */

/* Begin PBXSourcesBuildPhase section */
		5B956C712AC5BC74009CBE73 /* Sources */ = {
			isa = PBXSourcesBuildPhase;
			buildActionMask = 2147483647;
			files = (
				5B3B536A2ACAA11800A81D21 /* NotificationsViewController.swift in Sources */,
				5B3B536C2ACAA17100A81D21 /* MenuViewController.swift in Sources */,
				5B956C8D2AC7072C009CBE73 /* Enemys.swift in Sources */,
				5B956C7D2AC5BC74009CBE73 /* GameplayViewController.swift in Sources */,
				5B3B536E2ACDCC0800A81D21 /* CustomBallView.swift in Sources */,
				5B956C792AC5BC74009CBE73 /* AppDelegate.swift in Sources */,
				5B956C7B2AC5BC74009CBE73 /* SceneDelegate.swift in Sources */,
			);
			runOnlyForDeploymentPostprocessing = 0;
		};
/* End PBXSourcesBuildPhase section */

/* Begin PBXVariantGroup section */
		5B956C7E2AC5BC74009CBE73 /* Main.storyboard */ = {
			isa = PBXVariantGroup;
			children = (
				5B956C7F2AC5BC74009CBE73 /* Base */,
			);
			name = Main.storyboard;
			sourceTree = "<group>";
		};
		5B956C832AC5BC76009CBE73 /* LaunchScreen.storyboard */ = {
			isa = PBXVariantGroup;
			children = (
				5B956C842AC5BC76009CBE73 /* Base */,
			);
			name = LaunchScreen.storyboard;
			sourceTree = "<group>";
		};
/* End PBXVariantGroup section */

/* Begin XCBuildConfiguration section */
		5B956C872AC5BC76009CBE73 /* Debug */ = {
			isa = XCBuildConfiguration;
			buildSettings = {
				ALWAYS_SEARCH_USER_PATHS = NO;
				ASSETCATALOG_COMPILER_GENERATE_SWIFT_ASSET_SYMBOL_EXTENSIONS = YES;
				CLANG_ANALYZER_NONNULL = YES;
				CLANG_ANALYZER_NUMBER_OBJECT_CONVERSION = YES_AGGRESSIVE;
				CLANG_CXX_LANGUAGE_STANDARD = "gnu++20";
				CLANG_ENABLE_MODULES = YES;
				CLANG_ENABLE_OBJC_ARC = YES;
				CLANG_ENABLE_OBJC_WEAK = YES;
				CLANG_WARN_BLOCK_CAPTURE_AUTORELEASING = YES;
				CLANG_WARN_BOOL_CONVERSION = YES;
				CLANG_WARN_COMMA = YES;
				CLANG_WARN_CONSTANT_CONVERSION = YES;
				CLANG_WARN_DEPRECATED_OBJC_IMPLEMENTATIONS = YES;
				CLANG_WARN_DIRECT_OBJC_ISA_USAGE = YES_ERROR;
				CLANG_WARN_DOCUMENTATION_COMMENTS = YES;
				CLANG_WARN_EMPTY_BODY = YES;
				CLANG_WARN_ENUM_CONVERSION = YES;
				CLANG_WARN_INFINITE_RECURSION = YES;
				CLANG_WARN_INT_CONVERSION = YES;
				CLANG_WARN_NON_LITERAL_NULL_CONVERSION = YES;
				CLANG_WARN_OBJC_IMPLICIT_RETAIN_SELF = YES;
				CLANG_WARN_OBJC_LITERAL_CONVERSION = YES;
				CLANG_WARN_OBJC_ROOT_CLASS = YES_ERROR;
				CLANG_WARN_QUOTED_INCLUDE_IN_FRAMEWORK_HEADER = YES;
				CLANG_WARN_RANGE_LOOP_ANALYSIS = YES;
				CLANG_WARN_STRICT_PROTOTYPES = YES;
				CLANG_WARN_SUSPICIOUS_MOVE = YES;
				CLANG_WARN_UNGUARDED_AVAILABILITY = YES_AGGRESSIVE;
				CLANG_WARN_UNREACHABLE_CODE = YES;
				CLANG_WARN__DUPLICATE_METHOD_MATCH = YES;
				COPY_PHASE_STRIP = NO;
				DEBUG_INFORMATION_FORMAT = dwarf;
				ENABLE_STRICT_OBJC_MSGSEND = YES;
				ENABLE_TESTABILITY = YES;
				ENABLE_USER_SCRIPT_SANDBOXING = YES;
				GCC_C_LANGUAGE_STANDARD = gnu17;
				GCC_DYNAMIC_NO_PIC = NO;
				GCC_NO_COMMON_BLOCKS = YES;
				GCC_OPTIMIZATION_LEVEL = 0;
				GCC_PREPROCESSOR_DEFINITIONS = (
					"DEBUG=1",
					"$(inherited)",
				);
				GCC_WARN_64_TO_32_BIT_CONVERSION = YES;
				GCC_WARN_ABOUT_RETURN_TYPE = YES_ERROR;
				GCC_WARN_UNDECLARED_SELECTOR = YES;
				GCC_WARN_UNINITIALIZED_AUTOS = YES_AGGRESSIVE;
				GCC_WARN_UNUSED_FUNCTION = YES;
				GCC_WARN_UNUSED_VARIABLE = YES;
				IPHONEOS_DEPLOYMENT_TARGET = 17.0;
				LOCALIZATION_PREFERS_STRING_CATALOGS = YES;
				MTL_ENABLE_DEBUG_INFO = INCLUDE_SOURCE;
				MTL_FAST_MATH = YES;
				ONLY_ACTIVE_ARCH = YES;
				SDKROOT = iphoneos;
				SWIFT_ACTIVE_COMPILATION_CONDITIONS = "DEBUG $(inherited)";
				SWIFT_OPTIMIZATION_LEVEL = "-Onone";
			};
			name = Debug;
		};
		5B956C882AC5BC76009CBE73 /* Release */ = {
			isa = XCBuildConfiguration;
			buildSettings = {
				ALWAYS_SEARCH_USER_PATHS = NO;
				ASSETCATALOG_COMPILER_GENERATE_SWIFT_ASSET_SYMBOL_EXTENSIONS = YES;
				CLANG_ANALYZER_NONNULL = YES;
				CLANG_ANALYZER_NUMBER_OBJECT_CONVERSION = YES_AGGRESSIVE;
				CLANG_CXX_LANGUAGE_STANDARD = "gnu++20";
				CLANG_ENABLE_MODULES = YES;
				CLANG_ENABLE_OBJC_ARC = YES;
				CLANG_ENABLE_OBJC_WEAK = YES;
				CLANG_WARN_BLOCK_CAPTURE_AUTORELEASING = YES;
				CLANG_WARN_BOOL_CONVERSION = YES;
				CLANG_WARN_COMMA = YES;
				CLANG_WARN_CONSTANT_CONVERSION = YES;
				CLANG_WARN_DEPRECATED_OBJC_IMPLEMENTATIONS = YES;
				CLANG_WARN_DIRECT_OBJC_ISA_USAGE = YES_ERROR;
				CLANG_WARN_DOCUMENTATION_COMMENTS = YES;
				CLANG_WARN_EMPTY_BODY = YES;
				CLANG_WARN_ENUM_CONVERSION = YES;
				CLANG_WARN_INFINITE_RECURSION = YES;
				CLANG_WARN_INT_CONVERSION = YES;
				CLANG_WARN_NON_LITERAL_NULL_CONVERSION = YES;
				CLANG_WARN_OBJC_IMPLICIT_RETAIN_SELF = YES;
				CLANG_WARN_OBJC_LITERAL_CONVERSION = YES;
				CLANG_WARN_OBJC_ROOT_CLASS = YES_ERROR;
				CLANG_WARN_QUOTED_INCLUDE_IN_FRAMEWORK_HEADER = YES;
				CLANG_WARN_RANGE_LOOP_ANALYSIS = YES;
				CLANG_WARN_STRICT_PROTOTYPES = YES;
				CLANG_WARN_SUSPICIOUS_MOVE = YES;
				CLANG_WARN_UNGUARDED_AVAILABILITY = YES_AGGRESSIVE;
				CLANG_WARN_UNREACHABLE_CODE = YES;
				CLANG_WARN__DUPLICATE_METHOD_MATCH = YES;
				COPY_PHASE_STRIP = NO;
				DEBUG_INFORMATION_FORMAT = "dwarf-with-dsym";
				ENABLE_NS_ASSERTIONS = NO;
				ENABLE_STRICT_OBJC_MSGSEND = YES;
				ENABLE_USER_SCRIPT_SANDBOXING = YES;
				GCC_C_LANGUAGE_STANDARD = gnu17;
				GCC_NO_COMMON_BLOCKS = YES;
				GCC_WARN_64_TO_32_BIT_CONVERSION = YES;
				GCC_WARN_ABOUT_RETURN_TYPE = YES_ERROR;
				GCC_WARN_UNDECLARED_SELECTOR = YES;
				GCC_WARN_UNINITIALIZED_AUTOS = YES_AGGRESSIVE;
				GCC_WARN_UNUSED_FUNCTION = YES;
				GCC_WARN_UNUSED_VARIABLE = YES;
				IPHONEOS_DEPLOYMENT_TARGET = 17.0;
				LOCALIZATION_PREFERS_STRING_CATALOGS = YES;
				MTL_ENABLE_DEBUG_INFO = NO;
				MTL_FAST_MATH = YES;
				SDKROOT = iphoneos;
				SWIFT_COMPILATION_MODE = wholemodule;
				VALIDATE_PRODUCT = YES;
			};
			name = Release;
		};
		5B956C8A2AC5BC76009CBE73 /* Debug */ = {
			isa = XCBuildConfiguration;
			buildSettings = {
				ASSETCATALOG_COMPILER_APPICON_NAME = AppIcon;
				ASSETCATALOG_COMPILER_GLOBAL_ACCENT_COLOR_NAME = AccentColor;
				CODE_SIGN_STYLE = Automatic;
				CURRENT_PROJECT_VERSION = 1;
				DEVELOPMENT_TEAM = 6RAY94QJCX;
				GENERATE_INFOPLIST_FILE = YES;
				INFOPLIST_FILE = PLIdeCO/Info.plist;
				INFOPLIST_KEY_UIApplicationSupportsIndirectInputEvents = YES;
				INFOPLIST_KEY_UILaunchStoryboardName = LaunchScreen;
				INFOPLIST_KEY_UIMainStoryboardFile = Main;
				INFOPLIST_KEY_UISupportedInterfaceOrientations = UIInterfaceOrientationPortrait;
				INFOPLIST_KEY_UISupportedInterfaceOrientations_iPad = "UIInterfaceOrientationLandscapeLeft UIInterfaceOrientationLandscapeRight UIInterfaceOrientationPortrait UIInterfaceOrientationPortraitUpsideDown";
				IPHONEOS_DEPLOYMENT_TARGET = 14.0;
				LD_RUNPATH_SEARCH_PATHS = (
					"$(inherited)",
					"@executable_path/Frameworks",
				);
				MARKETING_VERSION = 1.0;
				PRODUCT_BUNDLE_IDENTIFIER = com.PLIdeCO;
				PRODUCT_NAME = "$(TARGET_NAME)";
				SUPPORTED_PLATFORMS = "iphoneos iphonesimulator";
				SUPPORTS_MACCATALYST = NO;
				SUPPORTS_MAC_DESIGNED_FOR_IPHONE_IPAD = NO;
				SWIFT_EMIT_LOC_STRINGS = YES;
				SWIFT_VERSION = 5.0;
				TARGETED_DEVICE_FAMILY = 1;
			};
			name = Debug;
		};
		5B956C8B2AC5BC76009CBE73 /* Release */ = {
			isa = XCBuildConfiguration;
			buildSettings = {
				ASSETCATALOG_COMPILER_APPICON_NAME = AppIcon;
				ASSETCATALOG_COMPILER_GLOBAL_ACCENT_COLOR_NAME = AccentColor;
				CODE_SIGN_STYLE = Automatic;
				CURRENT_PROJECT_VERSION = 1;
				DEVELOPMENT_TEAM = 6RAY94QJCX;
				GENERATE_INFOPLIST_FILE = YES;
				INFOPLIST_FILE = PLIdeCO/Info.plist;
				INFOPLIST_KEY_UIApplicationSupportsIndirectInputEvents = YES;
				INFOPLIST_KEY_UILaunchStoryboardName = LaunchScreen;
				INFOPLIST_KEY_UIMainStoryboardFile = Main;
				INFOPLIST_KEY_UISupportedInterfaceOrientations = UIInterfaceOrientationPortrait;
				INFOPLIST_KEY_UISupportedInterfaceOrientations_iPad = "UIInterfaceOrientationLandscapeLeft UIInterfaceOrientationLandscapeRight UIInterfaceOrientationPortrait UIInterfaceOrientationPortraitUpsideDown";
				IPHONEOS_DEPLOYMENT_TARGET = 14.0;
				LD_RUNPATH_SEARCH_PATHS = (
					"$(inherited)",
					"@executable_path/Frameworks",
				);
				MARKETING_VERSION = 1.0;
				PRODUCT_BUNDLE_IDENTIFIER = com.PLIdeCO;
				PRODUCT_NAME = "$(TARGET_NAME)";
				SUPPORTED_PLATFORMS = "iphoneos iphonesimulator";
				SUPPORTS_MACCATALYST = NO;
				SUPPORTS_MAC_DESIGNED_FOR_IPHONE_IPAD = NO;
				SWIFT_EMIT_LOC_STRINGS = YES;
				SWIFT_VERSION = 5.0;
				TARGETED_DEVICE_FAMILY = 1;
			};
			name = Release;
		};
/* End XCBuildConfiguration section */

/* Begin XCConfigurationList section */
		5B956C702AC5BC74009CBE73 /* Build configuration list for PBXProject "PLIdeCO" */ = {
			isa = XCConfigurationList;
			buildConfigurations = (
				5B956C872AC5BC76009CBE73 /* Debug */,
				5B956C882AC5BC76009CBE73 /* Release */,
			);
			defaultConfigurationIsVisible = 0;
			defaultConfigurationName = Release;
		};
		5B956C892AC5BC76009CBE73 /* Build configuration list for PBXNativeTarget "PLIdeCO" */ = {
			isa = XCConfigurationList;
			buildConfigurations = (
				5B956C8A2AC5BC76009CBE73 /* Debug */,
				5B956C8B2AC5BC76009CBE73 /* Release */,
			);
			defaultConfigurationIsVisible = 0;
			defaultConfigurationName = Release;
		};
/* End XCConfigurationList section */
	};
	rootObject = 5B956C6D2AC5BC74009CBE73 /* Project object */;
}
